
Microsoft Visual Studio Solution File, Format Version 12.00
# Visual Studio Version 17
VisualStudioVersion = 17.2.32516.85
MinimumVisualStudioVersion = 10.0.40219.1
Project("{FAE04EC0-301F-11D3-BF4B-00C04F79EFBC}") = "Project2", "Project2\Project2.csproj", "{175E5361-8AE8-456A-AC2D-FCD1D28B9C13}"
EndProject
Global
	GlobalSection(SolutionConfigurationPlatforms) = preSolution
		Debug|Any CPU = Debug|Any CPU
		Release|Any CPU = Release|Any CPU
	EndGlobalSection
	GlobalSection(ProjectConfigurationPlatforms) = postSolution
		{175E5361-8AE8-456A-AC2D-FCD1D28B9C13}.Debug|Any CPU.ActiveCfg = Debug|Any CPU
		{175E5361-8AE8-456A-AC2D-FCD1D28B9C13}.Debug|Any CPU.Build.0 = Debug|Any CPU
		{175E5361-8AE8-456A-AC2D-FCD1D28B9C13}.Release|Any CPU.ActiveCfg = Release|Any CPU
		{175E5361-8AE8-456A-AC2D-FCD1D28B9C13}.Release|Any CPU.Build.0 = Release|Any CPU
	EndGlobalSection
	GlobalSection(SolutionProperties) = preSolution
		HideSolutionNode = FALSE
	EndGlobalSection
	GlobalSection(ExtensibilityGlobals) = postSolution
		SolutionGuid = {7FCD1A06-5D47-4FB7-B3E1-0CDA2EFFEE9D}
	EndGlobalSection
EndGlobal
